
Microsoft Visual Studio Solution File, Format Version 12.00
# Visual Studio Version 17
VisualStudioVersion = 17.0.32014.148
MinimumVisualStudioVersion = 10.0.40219.1
Project("{FAE04EC0-301F-11D3-BF4B-00C04F79EFBC}") = "Swagger.Simplify", "Swagger.Simplify\Swagger.Simplify.csproj", "{DE242A6B-6640-4976-BF79-47B18665CF60}"
EndProject
Global
	GlobalSection(SolutionConfigurationPlatforms) = preSolution
		Debug|Any CPU = Debug|Any CPU
		Release|Any CPU = Release|Any CPU
	EndGlobalSection
	GlobalSection(ProjectConfigurationPlatforms) = postSolution
		{DE242A6B-6640-4976-BF79-47B18665CF60}.Debug|Any CPU.ActiveCfg = Debug|Any CPU
		{DE242A6B-6640-4976-BF79-47B18665CF60}.Debug|Any CPU.Build.0 = Debug|Any CPU
		{DE242A6B-6640-4976-BF79-47B18665CF60}.Release|Any CPU.ActiveCfg = Release|Any CPU
		{DE242A6B-6640-4976-BF79-47B18665CF60}.Release|Any CPU.Build.0 = Release|Any CPU
	EndGlobalSection
	GlobalSection(SolutionProperties) = preSolution
		HideSolutionNode = FALSE
	EndGlobalSection
	GlobalSection(ExtensibilityGlobals) = postSolution
		SolutionGuid = {270AFA31-15D7-46D4-BF86-8E157F36044F}
	EndGlobalSection
EndGlobal
